
Microsoft Visual Studio Solution File, Format Version 12.00
# Visual Studio 2013
VisualStudioVersion = 12.0.30110.0
MinimumVisualStudioVersion = 10.0.40219.1
Project("{FAE04EC0-301F-11D3-BF4B-00C04F79EFBC}") = "CCrossHelper.Lib.Portable", "CCrossHelper.Lib.Portable\CCrossHelper.Lib.Portable.csproj", "{03011AE4-CF52-4E4D-8395-54C369B3488D}"
EndProject
Project("{FAE04EC0-301F-11D3-BF4B-00C04F79EFBC}") = "CCrossHelper.Lib.Store", "CCrossHelper.Lib.Store\CCrossHelper.Lib.Store.csproj", "{B79CEC62-9AD8-4A98-92E1-58BFC4C7B67F}"
EndProject
Project("{2150E333-8FDC-42A3-9474-1A3956D46DE8}") = ".nuget", ".nuget", "{9F882AF6-9CE6-4E31-99D2-51335F9A51EB}"
	ProjectSection(SolutionItems) = preProject
		.nuget\NuGet.Config = .nuget\NuGet.Config
		.nuget\NuGet.exe = .nuget\NuGet.exe
		.nuget\NuGet.targets = .nuget\NuGet.targets
	EndProjectSection
EndProject
Project("{FAE04EC0-301F-11D3-BF4B-00C04F79EFBC}") = "CCrossHelper.Lib.Phone", "CCrossHelper.Lib.Phone\CCrossHelper.Lib.Phone.csproj", "{FE455114-BBBB-4ADA-B98C-B5D26AEA3EC2}"
EndProject
Global
	GlobalSection(SolutionConfigurationPlatforms) = preSolution
		Debug|Any CPU = Debug|Any CPU
		Debug|ARM = Debug|ARM
		Debug|x64 = Debug|x64
		Debug|x86 = Debug|x86
		Release|Any CPU = Release|Any CPU
		Release|ARM = Release|ARM
		Release|x64 = Release|x64
		Release|x86 = Release|x86
	EndGlobalSection
	GlobalSection(ProjectConfigurationPlatforms) = postSolution
		{03011AE4-CF52-4E4D-8395-54C369B3488D}.Debug|Any CPU.ActiveCfg = Debug|Any CPU
		{03011AE4-CF52-4E4D-8395-54C369B3488D}.Debug|Any CPU.Build.0 = Debug|Any CPU
		{03011AE4-CF52-4E4D-8395-54C369B3488D}.Debug|ARM.ActiveCfg = Debug|Any CPU
		{03011AE4-CF52-4E4D-8395-54C369B3488D}.Debug|x64.ActiveCfg = Debug|Any CPU
		{03011AE4-CF52-4E4D-8395-54C369B3488D}.Debug|x86.ActiveCfg = Debug|Any CPU
		{03011AE4-CF52-4E4D-8395-54C369B3488D}.Release|Any CPU.ActiveCfg = Release|Any CPU
		{03011AE4-CF52-4E4D-8395-54C369B3488D}.Release|Any CPU.Build.0 = Release|Any CPU
		{03011AE4-CF52-4E4D-8395-54C369B3488D}.Release|ARM.ActiveCfg = Release|Any CPU
		{03011AE4-CF52-4E4D-8395-54C369B3488D}.Release|x64.ActiveCfg = Release|Any CPU
		{03011AE4-CF52-4E4D-8395-54C369B3488D}.Release|x86.ActiveCfg = Release|Any CPU
		{B79CEC62-9AD8-4A98-92E1-58BFC4C7B67F}.Debug|Any CPU.ActiveCfg = Debug|Any CPU
		{B79CEC62-9AD8-4A98-92E1-58BFC4C7B67F}.Debug|Any CPU.Build.0 = Debug|Any CPU
		{B79CEC62-9AD8-4A98-92E1-58BFC4C7B67F}.Debug|ARM.ActiveCfg = Debug|ARM
		{B79CEC62-9AD8-4A98-92E1-58BFC4C7B67F}.Debug|ARM.Build.0 = Debug|ARM
		{B79CEC62-9AD8-4A98-92E1-58BFC4C7B67F}.Debug|x64.ActiveCfg = Debug|x64
		{B79CEC62-9AD8-4A98-92E1-58BFC4C7B67F}.Debug|x64.Build.0 = Debug|x64
		{B79CEC62-9AD8-4A98-92E1-58BFC4C7B67F}.Debug|x86.ActiveCfg = Debug|x86
		{B79CEC62-9AD8-4A98-92E1-58BFC4C7B67F}.Debug|x86.Build.0 = Debug|x86
		{B79CEC62-9AD8-4A98-92E1-58BFC4C7B67F}.Release|Any CPU.ActiveCfg = Release|Any CPU
		{B79CEC62-9AD8-4A98-92E1-58BFC4C7B67F}.Release|Any CPU.Build.0 = Release|Any CPU
		{B79CEC62-9AD8-4A98-92E1-58BFC4C7B67F}.Release|ARM.ActiveCfg = Release|ARM
		{B79CEC62-9AD8-4A98-92E1-58BFC4C7B67F}.Release|ARM.Build.0 = Release|ARM
		{B79CEC62-9AD8-4A98-92E1-58BFC4C7B67F}.Release|x64.ActiveCfg = Release|x64
		{B79CEC62-9AD8-4A98-92E1-58BFC4C7B67F}.Release|x64.Build.0 = Release|x64
		{B79CEC62-9AD8-4A98-92E1-58BFC4C7B67F}.Release|x86.ActiveCfg = Release|x86
		{B79CEC62-9AD8-4A98-92E1-58BFC4C7B67F}.Release|x86.Build.0 = Release|x86
		{FE455114-BBBB-4ADA-B98C-B5D26AEA3EC2}.Debug|Any CPU.ActiveCfg = Debug|Any CPU
		{FE455114-BBBB-4ADA-B98C-B5D26AEA3EC2}.Debug|Any CPU.Build.0 = Debug|Any CPU
		{FE455114-BBBB-4ADA-B98C-B5D26AEA3EC2}.Debug|ARM.ActiveCfg = Debug|ARM
		{FE455114-BBBB-4ADA-B98C-B5D26AEA3EC2}.Debug|ARM.Build.0 = Debug|ARM
		{FE455114-BBBB-4ADA-B98C-B5D26AEA3EC2}.Debug|x64.ActiveCfg = Debug|Any CPU
		{FE455114-BBBB-4ADA-B98C-B5D26AEA3EC2}.Debug|x86.ActiveCfg = Debug|x86
		{FE455114-BBBB-4ADA-B98C-B5D26AEA3EC2}.Debug|x86.Build.0 = Debug|x86
		{FE455114-BBBB-4ADA-B98C-B5D26AEA3EC2}.Release|Any CPU.ActiveCfg = Release|Any CPU
		{FE455114-BBBB-4ADA-B98C-B5D26AEA3EC2}.Release|Any CPU.Build.0 = Release|Any CPU
		{FE455114-BBBB-4ADA-B98C-B5D26AEA3EC2}.Release|ARM.ActiveCfg = Release|ARM
		{FE455114-BBBB-4ADA-B98C-B5D26AEA3EC2}.Release|ARM.Build.0 = Release|ARM
		{FE455114-BBBB-4ADA-B98C-B5D26AEA3EC2}.Release|x64.ActiveCfg = Release|Any CPU
		{FE455114-BBBB-4ADA-B98C-B5D26AEA3EC2}.Release|x86.ActiveCfg = Release|x86
		{FE455114-BBBB-4ADA-B98C-B5D26AEA3EC2}.Release|x86.Build.0 = Release|x86
	EndGlobalSection
	GlobalSection(SolutionProperties) = preSolution
		HideSolutionNode = FALSE
	EndGlobalSection
EndGlobal
