
Microsoft Visual Studio Solution File, Format Version 12.00
# Visual Studio 14
VisualStudioVersion = 14.0.24720.0
MinimumVisualStudioVersion = 10.0.40219.1
Project("{FAE04EC0-301F-11D3-BF4B-00C04F79EFBC}") = "CCrossHelper.Lib.Portable", "CCrossHelper.Lib.Portable\CCrossHelper.Lib.Portable.csproj", "{03011AE4-CF52-4E4D-8395-54C369B3488D}"
EndProject
Project("{FAE04EC0-301F-11D3-BF4B-00C04F79EFBC}") = "CCrossHelper.Lib.Store", "CCrossHelper.Lib.Store\CCrossHelper.Lib.Store.csproj", "{B79CEC62-9AD8-4A98-92E1-58BFC4C7B67F}"
EndProject
Project("{2150E333-8FDC-42A3-9474-1A3956D46DE8}") = ".nuget", ".nuget", "{9F882AF6-9CE6-4E31-99D2-51335F9A51EB}"
	ProjectSection(SolutionItems) = preProject
		.nuget\NuGet.Config = .nuget\NuGet.Config
		.nuget\NuGet.exe = .nuget\NuGet.exe
		.nuget\NuGet.targets = .nuget\NuGet.targets
	EndProjectSection
EndProject
Project("{FAE04EC0-301F-11D3-BF4B-00C04F79EFBC}") = "CCrossHelper.Lib.Phone", "CCrossHelper.Lib.Phone\CCrossHelper.Lib.Phone.csproj", "{FE455114-BBBB-4ADA-B98C-B5D26AEA3EC2}"
EndProject
Project("{2150E333-8FDC-42A3-9474-1A3956D46DE8}") = ".documentation", ".documentation", "{4EF2B3F9-C608-4C99-BEA8-0F3C7222CCD0}"
	ProjectSection(SolutionItems) = preProject
		Links.txt = Links.txt
	EndProjectSection
EndProject
Project("{FAE04EC0-301F-11D3-BF4B-00C04F79EFBC}") = "CCrossHelper.Lib", "CCrossHelper.Lib\CCrossHelper.Lib.csproj", "{94B2BD73-0282-4B26-B576-4579A30F9A87}"
EndProject
Project("{FAE04EC0-301F-11D3-BF4B-00C04F79EFBC}") = "CCrossHelper.Test.WpfApp", "CCrossHelper.Test.WpfApp\CCrossHelper.Test.WpfApp.csproj", "{5D4B4F85-FF03-41C2-A3D5-919058ABA8C2}"
EndProject
Project("{2150E333-8FDC-42A3-9474-1A3956D46DE8}") = "Tests", "Tests", "{E17D2973-0D67-47E5-817C-2A08130BD615}"
EndProject
Project("{2150E333-8FDC-42A3-9474-1A3956D46DE8}") = "Development", "Development", "{CF0081B9-0E51-47B4-B31B-F0F5E4B752F5}"
EndProject
Project("{FAE04EC0-301F-11D3-BF4B-00C04F79EFBC}") = "CCrossHelper.Test.StoreWin", "CCrossHelper.Test.StoreWin\CCrossHelper.Test.StoreWin.csproj", "{B68F9511-628E-47E3-BD64-5755A77728FE}"
EndProject
Project("{FAE04EC0-301F-11D3-BF4B-00C04F79EFBC}") = "CCrossHelper.Lib.Portable.Services", "CCrossHelper.Lib.Portable.Services\CCrossHelper.Lib.Portable.Services.csproj", "{87800CC5-319F-415C-8E57-3787C40BD96C}"
EndProject
Project("{FAE04EC0-301F-11D3-BF4B-00C04F79EFBC}") = "NuGet.PackagerVS2015", "NuGet.PackagerVS2015\NuGet.PackagerVS2015.csproj", "{3BD4015C-DC6E-426B-BCA5-EC1A256B8E93}"
EndProject
Project("{FAE04EC0-301F-11D3-BF4B-00C04F79EFBC}") = "NuGet.Packager1", "NuGet.Packager1\NuGet.Packager1.csproj", "{0451BAEF-DF2E-4B98-8644-94EE9415E389}"
EndProject
Global
	GlobalSection(SolutionConfigurationPlatforms) = preSolution
		Debug|Any CPU = Debug|Any CPU
		Debug|ARM = Debug|ARM
		Debug|x64 = Debug|x64
		Debug|x86 = Debug|x86
		Release|Any CPU = Release|Any CPU
		Release|ARM = Release|ARM
		Release|x64 = Release|x64
		Release|x86 = Release|x86
	EndGlobalSection
	GlobalSection(ProjectConfigurationPlatforms) = postSolution
		{03011AE4-CF52-4E4D-8395-54C369B3488D}.Debug|Any CPU.ActiveCfg = Debug|Any CPU
		{03011AE4-CF52-4E4D-8395-54C369B3488D}.Debug|Any CPU.Build.0 = Debug|Any CPU
		{03011AE4-CF52-4E4D-8395-54C369B3488D}.Debug|ARM.ActiveCfg = Debug|Any CPU
		{03011AE4-CF52-4E4D-8395-54C369B3488D}.Debug|x64.ActiveCfg = Debug|Any CPU
		{03011AE4-CF52-4E4D-8395-54C369B3488D}.Debug|x86.ActiveCfg = Debug|Any CPU
		{03011AE4-CF52-4E4D-8395-54C369B3488D}.Release|Any CPU.ActiveCfg = Release|Any CPU
		{03011AE4-CF52-4E4D-8395-54C369B3488D}.Release|Any CPU.Build.0 = Release|Any CPU
		{03011AE4-CF52-4E4D-8395-54C369B3488D}.Release|ARM.ActiveCfg = Release|Any CPU
		{03011AE4-CF52-4E4D-8395-54C369B3488D}.Release|x64.ActiveCfg = Release|Any CPU
		{03011AE4-CF52-4E4D-8395-54C369B3488D}.Release|x86.ActiveCfg = Release|Any CPU
		{B79CEC62-9AD8-4A98-92E1-58BFC4C7B67F}.Debug|Any CPU.ActiveCfg = Debug|Any CPU
		{B79CEC62-9AD8-4A98-92E1-58BFC4C7B67F}.Debug|Any CPU.Build.0 = Debug|Any CPU
		{B79CEC62-9AD8-4A98-92E1-58BFC4C7B67F}.Debug|ARM.ActiveCfg = Debug|ARM
		{B79CEC62-9AD8-4A98-92E1-58BFC4C7B67F}.Debug|ARM.Build.0 = Debug|ARM
		{B79CEC62-9AD8-4A98-92E1-58BFC4C7B67F}.Debug|x64.ActiveCfg = Debug|x64
		{B79CEC62-9AD8-4A98-92E1-58BFC4C7B67F}.Debug|x64.Build.0 = Debug|x64
		{B79CEC62-9AD8-4A98-92E1-58BFC4C7B67F}.Debug|x86.ActiveCfg = Debug|x86
		{B79CEC62-9AD8-4A98-92E1-58BFC4C7B67F}.Debug|x86.Build.0 = Debug|x86
		{B79CEC62-9AD8-4A98-92E1-58BFC4C7B67F}.Release|Any CPU.ActiveCfg = Release|Any CPU
		{B79CEC62-9AD8-4A98-92E1-58BFC4C7B67F}.Release|Any CPU.Build.0 = Release|Any CPU
		{B79CEC62-9AD8-4A98-92E1-58BFC4C7B67F}.Release|ARM.ActiveCfg = Release|ARM
		{B79CEC62-9AD8-4A98-92E1-58BFC4C7B67F}.Release|ARM.Build.0 = Release|ARM
		{B79CEC62-9AD8-4A98-92E1-58BFC4C7B67F}.Release|x64.ActiveCfg = Release|x64
		{B79CEC62-9AD8-4A98-92E1-58BFC4C7B67F}.Release|x64.Build.0 = Release|x64
		{B79CEC62-9AD8-4A98-92E1-58BFC4C7B67F}.Release|x86.ActiveCfg = Release|x86
		{B79CEC62-9AD8-4A98-92E1-58BFC4C7B67F}.Release|x86.Build.0 = Release|x86
		{FE455114-BBBB-4ADA-B98C-B5D26AEA3EC2}.Debug|Any CPU.ActiveCfg = Debug|Any CPU
		{FE455114-BBBB-4ADA-B98C-B5D26AEA3EC2}.Debug|Any CPU.Build.0 = Debug|Any CPU
		{FE455114-BBBB-4ADA-B98C-B5D26AEA3EC2}.Debug|ARM.ActiveCfg = Debug|ARM
		{FE455114-BBBB-4ADA-B98C-B5D26AEA3EC2}.Debug|ARM.Build.0 = Debug|ARM
		{FE455114-BBBB-4ADA-B98C-B5D26AEA3EC2}.Debug|x64.ActiveCfg = Debug|Any CPU
		{FE455114-BBBB-4ADA-B98C-B5D26AEA3EC2}.Debug|x86.ActiveCfg = Debug|x86
		{FE455114-BBBB-4ADA-B98C-B5D26AEA3EC2}.Debug|x86.Build.0 = Debug|x86
		{FE455114-BBBB-4ADA-B98C-B5D26AEA3EC2}.Release|Any CPU.ActiveCfg = Release|Any CPU
		{FE455114-BBBB-4ADA-B98C-B5D26AEA3EC2}.Release|Any CPU.Build.0 = Release|Any CPU
		{FE455114-BBBB-4ADA-B98C-B5D26AEA3EC2}.Release|ARM.ActiveCfg = Release|ARM
		{FE455114-BBBB-4ADA-B98C-B5D26AEA3EC2}.Release|ARM.Build.0 = Release|ARM
		{FE455114-BBBB-4ADA-B98C-B5D26AEA3EC2}.Release|x64.ActiveCfg = Release|Any CPU
		{FE455114-BBBB-4ADA-B98C-B5D26AEA3EC2}.Release|x86.ActiveCfg = Release|x86
		{FE455114-BBBB-4ADA-B98C-B5D26AEA3EC2}.Release|x86.Build.0 = Release|x86
		{94B2BD73-0282-4B26-B576-4579A30F9A87}.Debug|Any CPU.ActiveCfg = Debug|Any CPU
		{94B2BD73-0282-4B26-B576-4579A30F9A87}.Debug|Any CPU.Build.0 = Debug|Any CPU
		{94B2BD73-0282-4B26-B576-4579A30F9A87}.Debug|ARM.ActiveCfg = Debug|Any CPU
		{94B2BD73-0282-4B26-B576-4579A30F9A87}.Debug|x64.ActiveCfg = Debug|Any CPU
		{94B2BD73-0282-4B26-B576-4579A30F9A87}.Debug|x86.ActiveCfg = Debug|Any CPU
		{94B2BD73-0282-4B26-B576-4579A30F9A87}.Release|Any CPU.ActiveCfg = Release|Any CPU
		{94B2BD73-0282-4B26-B576-4579A30F9A87}.Release|Any CPU.Build.0 = Release|Any CPU
		{94B2BD73-0282-4B26-B576-4579A30F9A87}.Release|ARM.ActiveCfg = Release|Any CPU
		{94B2BD73-0282-4B26-B576-4579A30F9A87}.Release|x64.ActiveCfg = Release|Any CPU
		{94B2BD73-0282-4B26-B576-4579A30F9A87}.Release|x86.ActiveCfg = Release|Any CPU
		{5D4B4F85-FF03-41C2-A3D5-919058ABA8C2}.Debug|Any CPU.ActiveCfg = Debug|Any CPU
		{5D4B4F85-FF03-41C2-A3D5-919058ABA8C2}.Debug|Any CPU.Build.0 = Debug|Any CPU
		{5D4B4F85-FF03-41C2-A3D5-919058ABA8C2}.Debug|ARM.ActiveCfg = Debug|Any CPU
		{5D4B4F85-FF03-41C2-A3D5-919058ABA8C2}.Debug|x64.ActiveCfg = Debug|Any CPU
		{5D4B4F85-FF03-41C2-A3D5-919058ABA8C2}.Debug|x86.ActiveCfg = Debug|Any CPU
		{5D4B4F85-FF03-41C2-A3D5-919058ABA8C2}.Release|Any CPU.ActiveCfg = Release|Any CPU
		{5D4B4F85-FF03-41C2-A3D5-919058ABA8C2}.Release|Any CPU.Build.0 = Release|Any CPU
		{5D4B4F85-FF03-41C2-A3D5-919058ABA8C2}.Release|ARM.ActiveCfg = Release|Any CPU
		{5D4B4F85-FF03-41C2-A3D5-919058ABA8C2}.Release|x64.ActiveCfg = Release|Any CPU
		{5D4B4F85-FF03-41C2-A3D5-919058ABA8C2}.Release|x86.ActiveCfg = Release|Any CPU
		{B68F9511-628E-47E3-BD64-5755A77728FE}.Debug|Any CPU.ActiveCfg = Debug|Any CPU
		{B68F9511-628E-47E3-BD64-5755A77728FE}.Debug|Any CPU.Build.0 = Debug|Any CPU
		{B68F9511-628E-47E3-BD64-5755A77728FE}.Debug|Any CPU.Deploy.0 = Debug|Any CPU
		{B68F9511-628E-47E3-BD64-5755A77728FE}.Debug|ARM.ActiveCfg = Debug|ARM
		{B68F9511-628E-47E3-BD64-5755A77728FE}.Debug|ARM.Build.0 = Debug|ARM
		{B68F9511-628E-47E3-BD64-5755A77728FE}.Debug|ARM.Deploy.0 = Debug|ARM
		{B68F9511-628E-47E3-BD64-5755A77728FE}.Debug|x64.ActiveCfg = Debug|x64
		{B68F9511-628E-47E3-BD64-5755A77728FE}.Debug|x64.Build.0 = Debug|x64
		{B68F9511-628E-47E3-BD64-5755A77728FE}.Debug|x64.Deploy.0 = Debug|x64
		{B68F9511-628E-47E3-BD64-5755A77728FE}.Debug|x86.ActiveCfg = Debug|x86
		{B68F9511-628E-47E3-BD64-5755A77728FE}.Debug|x86.Build.0 = Debug|x86
		{B68F9511-628E-47E3-BD64-5755A77728FE}.Debug|x86.Deploy.0 = Debug|x86
		{B68F9511-628E-47E3-BD64-5755A77728FE}.Release|Any CPU.ActiveCfg = Release|Any CPU
		{B68F9511-628E-47E3-BD64-5755A77728FE}.Release|Any CPU.Build.0 = Release|Any CPU
		{B68F9511-628E-47E3-BD64-5755A77728FE}.Release|Any CPU.Deploy.0 = Release|Any CPU
		{B68F9511-628E-47E3-BD64-5755A77728FE}.Release|ARM.ActiveCfg = Release|ARM
		{B68F9511-628E-47E3-BD64-5755A77728FE}.Release|ARM.Build.0 = Release|ARM
		{B68F9511-628E-47E3-BD64-5755A77728FE}.Release|ARM.Deploy.0 = Release|ARM
		{B68F9511-628E-47E3-BD64-5755A77728FE}.Release|x64.ActiveCfg = Release|x64
		{B68F9511-628E-47E3-BD64-5755A77728FE}.Release|x64.Build.0 = Release|x64
		{B68F9511-628E-47E3-BD64-5755A77728FE}.Release|x64.Deploy.0 = Release|x64
		{B68F9511-628E-47E3-BD64-5755A77728FE}.Release|x86.ActiveCfg = Release|x86
		{B68F9511-628E-47E3-BD64-5755A77728FE}.Release|x86.Build.0 = Release|x86
		{B68F9511-628E-47E3-BD64-5755A77728FE}.Release|x86.Deploy.0 = Release|x86
		{87800CC5-319F-415C-8E57-3787C40BD96C}.Debug|Any CPU.ActiveCfg = Debug|Any CPU
		{87800CC5-319F-415C-8E57-3787C40BD96C}.Debug|Any CPU.Build.0 = Debug|Any CPU
		{87800CC5-319F-415C-8E57-3787C40BD96C}.Debug|ARM.ActiveCfg = Debug|Any CPU
		{87800CC5-319F-415C-8E57-3787C40BD96C}.Debug|ARM.Build.0 = Debug|Any CPU
		{87800CC5-319F-415C-8E57-3787C40BD96C}.Debug|x64.ActiveCfg = Debug|Any CPU
		{87800CC5-319F-415C-8E57-3787C40BD96C}.Debug|x64.Build.0 = Debug|Any CPU
		{87800CC5-319F-415C-8E57-3787C40BD96C}.Debug|x86.ActiveCfg = Debug|Any CPU
		{87800CC5-319F-415C-8E57-3787C40BD96C}.Debug|x86.Build.0 = Debug|Any CPU
		{87800CC5-319F-415C-8E57-3787C40BD96C}.Release|Any CPU.ActiveCfg = Release|Any CPU
		{87800CC5-319F-415C-8E57-3787C40BD96C}.Release|Any CPU.Build.0 = Release|Any CPU
		{87800CC5-319F-415C-8E57-3787C40BD96C}.Release|ARM.ActiveCfg = Release|Any CPU
		{87800CC5-319F-415C-8E57-3787C40BD96C}.Release|ARM.Build.0 = Release|Any CPU
		{87800CC5-319F-415C-8E57-3787C40BD96C}.Release|x64.ActiveCfg = Release|Any CPU
		{87800CC5-319F-415C-8E57-3787C40BD96C}.Release|x64.Build.0 = Release|Any CPU
		{87800CC5-319F-415C-8E57-3787C40BD96C}.Release|x86.ActiveCfg = Release|Any CPU
		{87800CC5-319F-415C-8E57-3787C40BD96C}.Release|x86.Build.0 = Release|Any CPU
		{3BD4015C-DC6E-426B-BCA5-EC1A256B8E93}.Debug|Any CPU.ActiveCfg = Debug|Any CPU
		{3BD4015C-DC6E-426B-BCA5-EC1A256B8E93}.Debug|Any CPU.Build.0 = Debug|Any CPU
		{3BD4015C-DC6E-426B-BCA5-EC1A256B8E93}.Debug|ARM.ActiveCfg = Debug|Any CPU
		{3BD4015C-DC6E-426B-BCA5-EC1A256B8E93}.Debug|ARM.Build.0 = Debug|Any CPU
		{3BD4015C-DC6E-426B-BCA5-EC1A256B8E93}.Debug|x64.ActiveCfg = Debug|Any CPU
		{3BD4015C-DC6E-426B-BCA5-EC1A256B8E93}.Debug|x64.Build.0 = Debug|Any CPU
		{3BD4015C-DC6E-426B-BCA5-EC1A256B8E93}.Debug|x86.ActiveCfg = Debug|Any CPU
		{3BD4015C-DC6E-426B-BCA5-EC1A256B8E93}.Debug|x86.Build.0 = Debug|Any CPU
		{3BD4015C-DC6E-426B-BCA5-EC1A256B8E93}.Release|Any CPU.ActiveCfg = Release|Any CPU
		{3BD4015C-DC6E-426B-BCA5-EC1A256B8E93}.Release|Any CPU.Build.0 = Release|Any CPU
		{3BD4015C-DC6E-426B-BCA5-EC1A256B8E93}.Release|ARM.ActiveCfg = Release|Any CPU
		{3BD4015C-DC6E-426B-BCA5-EC1A256B8E93}.Release|ARM.Build.0 = Release|Any CPU
		{3BD4015C-DC6E-426B-BCA5-EC1A256B8E93}.Release|x64.ActiveCfg = Release|Any CPU
		{3BD4015C-DC6E-426B-BCA5-EC1A256B8E93}.Release|x64.Build.0 = Release|Any CPU
		{3BD4015C-DC6E-426B-BCA5-EC1A256B8E93}.Release|x86.ActiveCfg = Release|Any CPU
		{3BD4015C-DC6E-426B-BCA5-EC1A256B8E93}.Release|x86.Build.0 = Release|Any CPU
		{0451BAEF-DF2E-4B98-8644-94EE9415E389}.Debug|Any CPU.ActiveCfg = Debug|Any CPU
		{0451BAEF-DF2E-4B98-8644-94EE9415E389}.Debug|Any CPU.Build.0 = Debug|Any CPU
		{0451BAEF-DF2E-4B98-8644-94EE9415E389}.Debug|ARM.ActiveCfg = Debug|Any CPU
		{0451BAEF-DF2E-4B98-8644-94EE9415E389}.Debug|ARM.Build.0 = Debug|Any CPU
		{0451BAEF-DF2E-4B98-8644-94EE9415E389}.Debug|x64.ActiveCfg = Debug|Any CPU
		{0451BAEF-DF2E-4B98-8644-94EE9415E389}.Debug|x64.Build.0 = Debug|Any CPU
		{0451BAEF-DF2E-4B98-8644-94EE9415E389}.Debug|x86.ActiveCfg = Debug|Any CPU
		{0451BAEF-DF2E-4B98-8644-94EE9415E389}.Debug|x86.Build.0 = Debug|Any CPU
		{0451BAEF-DF2E-4B98-8644-94EE9415E389}.Release|Any CPU.ActiveCfg = Release|Any CPU
		{0451BAEF-DF2E-4B98-8644-94EE9415E389}.Release|Any CPU.Build.0 = Release|Any CPU
		{0451BAEF-DF2E-4B98-8644-94EE9415E389}.Release|ARM.ActiveCfg = Release|Any CPU
		{0451BAEF-DF2E-4B98-8644-94EE9415E389}.Release|ARM.Build.0 = Release|Any CPU
		{0451BAEF-DF2E-4B98-8644-94EE9415E389}.Release|x64.ActiveCfg = Release|Any CPU
		{0451BAEF-DF2E-4B98-8644-94EE9415E389}.Release|x64.Build.0 = Release|Any CPU
		{0451BAEF-DF2E-4B98-8644-94EE9415E389}.Release|x86.ActiveCfg = Release|Any CPU
		{0451BAEF-DF2E-4B98-8644-94EE9415E389}.Release|x86.Build.0 = Release|Any CPU
	EndGlobalSection
	GlobalSection(SolutionProperties) = preSolution
		HideSolutionNode = FALSE
	EndGlobalSection
	GlobalSection(NestedProjects) = preSolution
		{03011AE4-CF52-4E4D-8395-54C369B3488D} = {CF0081B9-0E51-47B4-B31B-F0F5E4B752F5}
		{B79CEC62-9AD8-4A98-92E1-58BFC4C7B67F} = {CF0081B9-0E51-47B4-B31B-F0F5E4B752F5}
		{FE455114-BBBB-4ADA-B98C-B5D26AEA3EC2} = {CF0081B9-0E51-47B4-B31B-F0F5E4B752F5}
		{94B2BD73-0282-4B26-B576-4579A30F9A87} = {CF0081B9-0E51-47B4-B31B-F0F5E4B752F5}
		{5D4B4F85-FF03-41C2-A3D5-919058ABA8C2} = {E17D2973-0D67-47E5-817C-2A08130BD615}
		{B68F9511-628E-47E3-BD64-5755A77728FE} = {E17D2973-0D67-47E5-817C-2A08130BD615}
		{87800CC5-319F-415C-8E57-3787C40BD96C} = {CF0081B9-0E51-47B4-B31B-F0F5E4B752F5}
	EndGlobalSection
EndGlobal
